// !$*UTF8*$!
{
	archiveVersion = 1;
	classes = {
	};
	objectVersion = 77;
	objects = {

/* Begin PBXFileReference section */
		6C01F674304E7AAB00976CB5 /* IronLog.app */ = {isa = PBXFileReference; explicitFileType = wrapper.application; includeInIndex = 0; path = IronLog.app; sourceTree = BUILT_PRODUCTS_DIR; };
/* End PBXFileReference section */

/* Begin PBXFileSystemSynchronizedBuildFileExceptionSet section */
		6C01F7BD304E7DBB00976CB5 /* Exceptions for "ironlog-pro-fit" folder in "IronLog" target */ = {
			isa = PBXFileSystemSynchronizedBuildFileExceptionSet;
			membershipExceptions = (
				.gitignore,
				.npmrc,
				AGENTS.md,
				base44/config.jsonc,
				base44/entities/BodyMeasurement.jsonc,
				base44/entities/Comment.jsonc,
				base44/entities/Exercise.jsonc,
				base44/entities/Follow.jsonc,
				base44/entities/GymProfile.jsonc,
				base44/entities/Like.jsonc,
				base44/entities/ProgressPhoto.jsonc,
				base44/entities/Routine.jsonc,
				base44/entities/User.jsonc,
				base44/entities/Workout.jsonc,
				CLAUDE.md,
				components.json,
				eslint.config.js,
				index.html,
				jsconfig.json,
				"package-lock.json",
				package.json,
				postcss.config.js,
				public/manifest.json,
				README.md,
				src/api/base44Client.js,
				src/App.jsx,
				src/components/analytics/chartParts.jsx,
				src/components/analytics/MuscleHeatmap.jsx,
				src/components/analytics/StatCard.jsx,
				src/components/AuthLayout.jsx,
				src/components/community/FollowButton.jsx,
				src/components/community/LeaderboardList.jsx,
				src/components/community/StandardsView.jsx,
				src/components/community/WorkoutPost.jsx,
				src/components/exercise/SubMusclePicker.jsx,
				src/components/GoogleIcon.jsx,
				src/components/layout/AppShell.jsx,
				src/components/pro/PaywallModal.jsx,
				src/components/ProtectedRoute.jsx,
				src/components/routine/PeriodizationEditor.jsx,
				src/components/ScrollToTop.jsx,
				src/components/ui/accordion.jsx,
				"src/components/ui/alert-dialog.jsx",
				src/components/ui/alert.jsx,
				"src/components/ui/aspect-ratio.jsx",
				src/components/ui/avatar.jsx,
				src/components/ui/badge.jsx,
				src/components/ui/breadcrumb.jsx,
				src/components/ui/button.jsx,
				src/components/ui/calendar.jsx,
				src/components/ui/card.jsx,
				src/components/ui/carousel.jsx,
				src/components/ui/chart.jsx,
				src/components/ui/checkbox.jsx,
				src/components/ui/collapsible.jsx,
				src/components/ui/command.jsx,
				"src/components/ui/context-menu.jsx",
				src/components/ui/dialog.jsx,
				src/components/ui/drawer.jsx,
				"src/components/ui/dropdown-menu.jsx",
				src/components/ui/form.jsx,
				"src/components/ui/hover-card.jsx",
				src/components/ui/image.jsx,
				"src/components/ui/input-otp.jsx",
				src/components/ui/input.jsx,
				src/components/ui/label.jsx,
				src/components/ui/menubar.jsx,
				"src/components/ui/navigation-menu.jsx",
				src/components/ui/pagination.jsx,
				src/components/ui/popover.jsx,
				src/components/ui/progress.jsx,
				"src/components/ui/radio-group.jsx",
				src/components/ui/resizable.jsx,
				"src/components/ui/scroll-area.jsx",
				src/components/ui/select.jsx,
				src/components/ui/separator.jsx,
				src/components/ui/sheet.jsx,
				src/components/ui/sidebar.jsx,
				src/components/ui/skeleton.jsx,
				src/components/ui/slider.jsx,
				src/components/ui/sonner.jsx,
				src/components/ui/switch.jsx,
				src/components/ui/table.jsx,
				src/components/ui/tabs.jsx,
				src/components/ui/textarea.jsx,
				src/components/ui/toast.jsx,
				src/components/ui/toaster.jsx,
				"src/components/ui/toggle-group.jsx",
				src/components/ui/toggle.jsx,
				src/components/ui/tooltip.jsx,
				"src/components/ui/use-toast.jsx",
				src/components/UserNotRegisteredError.jsx,
				src/components/workout/ExerciseCard.jsx,
				src/components/workout/ExercisePicker.jsx,
				src/components/workout/GymSwitcher.jsx,
				src/components/workout/PlateCalculator.jsx,
				src/components/workout/RestTimer.jsx,
				src/components/workout/SetRow.jsx,
				src/components/workout/Stopwatch.jsx,
				src/components/workout/ToolsSheet.jsx,
				src/components/workout/WarmupCalculator.jsx,
				"src/hooks/use-mobile.jsx",
				"src/hooks/use-size.jsx",
				src/index.css,
				"src/lib/app-params.js",
				src/lib/AuthContext.jsx,
				src/lib/authReturnTo.js,
				src/lib/checkout.js,
				src/lib/fitness.js,
				src/lib/muscleMap.js,
				src/lib/PageNotFound.jsx,
				"src/lib/query-client.js",
				src/lib/social.js,
				src/lib/usePro.js,
				src/lib/utils.js,
				src/main.jsx,
				src/pages/ActiveWorkout.jsx,
				src/pages/Analytics.jsx,
				src/pages/Community.jsx,
				src/pages/Exercises.jsx,
				src/pages/ForgotPassword.jsx,
				src/pages/Home.jsx,
				src/pages/Login.jsx,
				src/pages/OAuthConsent.jsx,
				src/pages/Progress.jsx,
				src/pages/Register.jsx,
				src/pages/ResetPassword.jsx,
				src/pages/RoutineEditor.jsx,
				src/pages/Routines.jsx,
				src/pages/Share.jsx,
				tailwind.config.js,
				vite.config.js,
			);
			target = 6C01F673304E7AAB00976CB5 /* IronLog */;
		};
/* End PBXFileSystemSynchronizedBuildFileExceptionSet section */

/* Begin PBXFileSystemSynchronizedRootGroup section */
		6C01F676304E7AAB00976CB5 /* IronLog */ = {
			isa = PBXFileSystemSynchronizedRootGroup;
			path = IronLog;
			sourceTree = "<group>";
		};
		6C01F7BC304E7DBA00976CB5 /* ironlog-pro-fit */ = {
			isa = PBXFileSystemSynchronizedRootGroup;
			exceptions = (
				6C01F7BD304E7DBB00976CB5 /* Exceptions for "ironlog-pro-fit" folder in "IronLog" target */,
			);
			path = "ironlog-pro-fit";
			sourceTree = "<group>";
		};
/* End PBXFileSystemSynchronizedRootGroup section */

/* Begin PBXFrameworksBuildPhase section */
		6C01F671304E7AAB00976CB5 /* Frameworks */ = {
			isa = PBXFrameworksBuildPhase;
			buildActionMask = 2147483647;
			files = (
			);
			runOnlyForDeploymentPostprocessing = 0;
		};
/* End PBXFrameworksBuildPhase section */

/* Begin PBXGroup section */
		6C01F66B304E7AAB00976CB5 = {
			isa = PBXGroup;
			children = (
				6C01F7BC304E7DBA00976CB5 /* ironlog-pro-fit */,
				6C01F676304E7AAB00976CB5 /* IronLog */,
				6C01F675304E7AAB00976CB5 /* Products */,
			);
			sourceTree = "<group>";
		};
		6C01F675304E7AAB00976CB5 /* Products */ = {
			isa = PBXGroup;
			children = (
				6C01F674304E7AAB00976CB5 /* IronLog.app */,
			);
			name = Products;
			sourceTree = "<group>";
		};
/* End PBXGroup section */

/* Begin PBXNativeTarget section */
		6C01F673304E7AAB00976CB5 /* IronLog */ = {
			isa = PBXNativeTarget;
			buildConfigurationList = 6C01F67F304E7AAB00976CB5 /* Build configuration list for PBXNativeTarget "IronLog" */;
			buildPhases = (
				6C01F670304E7AAB00976CB5 /* Sources */,
				6C01F671304E7AAB00976CB5 /* Frameworks */,
				6C01F672304E7AAB00976CB5 /* Resources */,
			);
			buildRules = (
			);
			dependencies = (
			);
			fileSystemSynchronizedGroups = (
				6C01F676304E7AAB00976CB5 /* IronLog */,
				6C01F7BC304E7DBA00976CB5 /* ironlog-pro-fit */,
			);
			name = IronLog;
			packageProductDependencies = (
			);
			productName = IronLog;
			productReference = 6C01F674304E7AAB00976CB5 /* IronLog.app */;
			productType = "com.apple.product-type.application";
		};
/* End PBXNativeTarget section */

/* Begin PBXProject section */
		6C01F66C304E7AAB00976CB5 /* Project object */ = {
			isa = PBXProject;
			attributes = {
				BuildIndependentTargetsInParallel = 1;
				LastSwiftUpdateCheck = 2660;
				LastUpgradeCheck = 2660;
				TargetAttributes = {
					6C01F673304E7AAB00976CB5 = {
						CreatedOnToolsVersion = 26.6;
					};
				};
			};
			buildConfigurationList = 6C01F66F304E7AAB00976CB5 /* Build configuration list for PBXProject "IronLog" */;
			developmentRegion = en;
			hasScannedForEncodings = 0;
			knownRegions = (
				en,
				Base,
			);
			mainGroup = 6C01F66B304E7AAB00976CB5;
			minimizedProjectReferenceProxies = 1;
			preferredProjectObjectVersion = 77;
			productRefGroup = 6C01F675304E7AAB00976CB5 /* Products */;
			projectDirPath = "";
			projectRoot = "";
			targets = (
				6C01F673304E7AAB00976CB5 /* IronLog */,
			);
		};
/* End PBXProject section */

/* Begin PBXResourcesBuildPhase section */
		6C01F672304E7AAB00976CB5 /* Resources */ = {
			isa = PBXResourcesBuildPhase;
			buildActionMask = 2147483647;
			files = (
			);
			runOnlyForDeploymentPostprocessing = 0;
		};
/* End PBXResourcesBuildPhase section */

/* Begin PBXSourcesBuildPhase section */
		6C01F670304E7AAB00976CB5 /* Sources */ = {
			isa = PBXSourcesBuildPhase;
			buildActionMask = 2147483647;
			files = (
			);
			runOnlyForDeploymentPostprocessing = 0;
		};
/* End PBXSourcesBuildPhase section */

/* Begin XCBuildConfiguration section */
		6C01F67D304E7AAB00976CB5 /* Debug */ = {
			isa = XCBuildConfiguration;
			buildSettings = {
				ALWAYS_SEARCH_USER_PATHS = NO;
				ASSETCATALOG_COMPILER_GENERATE_SWIFT_ASSET_SYMBOL_EXTENSIONS = YES;
				CLANG_ANALYZER_NONNULL = YES;
				CLANG_ANALYZER_NUMBER_OBJECT_CONVERSION = YES_AGGRESSIVE;
				CLANG_CXX_LANGUAGE_STANDARD = "gnu++20";
				CLANG_ENABLE_MODULES = YES;
				CLANG_ENABLE_OBJC_ARC = YES;
				CLANG_ENABLE_OBJC_WEAK = YES;
				CLANG_WARN_BLOCK_CAPTURE_AUTORELEASING = YES;
				CLANG_WARN_BOOL_CONVERSION = YES;
				CLANG_WARN_COMMA = YES;
				CLANG_WARN_CONSTANT_CONVERSION = YES;
				CLANG_WARN_DEPRECATED_OBJC_IMPLEMENTATIONS = YES;
				CLANG_WARN_DIRECT_OBJC_ISA_USAGE = YES_ERROR;
				CLANG_WARN_DOCUMENTATION_COMMENTS = YES;
				CLANG_WARN_EMPTY_BODY = YES;
				CLANG_WARN_ENUM_CONVERSION = YES;
				CLANG_WARN_INFINITE_RECURSION = YES;
				CLANG_WARN_INT_CONVERSION = YES;
				CLANG_WARN_NON_LITERAL_NULL_CONVERSION = YES;
				CLANG_WARN_OBJC_IMPLICIT_RETAIN_SELF = YES;
				CLANG_WARN_OBJC_LITERAL_CONVERSION = YES;
				CLANG_WARN_OBJC_ROOT_CLASS = YES_ERROR;
				CLANG_WARN_QUOTED_INCLUDE_IN_FRAMEWORK_HEADER = YES;
				CLANG_WARN_RANGE_LOOP_ANALYSIS = YES;
				CLANG_WARN_STRICT_PROTOTYPES = YES;
				CLANG_WARN_SUSPICIOUS_MOVE = YES;
				CLANG_WARN_UNGUARDED_AVAILABILITY = YES_AGGRESSIVE;
				CLANG_WARN_UNREACHABLE_CODE = YES;
				CLANG_WARN__DUPLICATE_METHOD_MATCH = YES;
				COPY_PHASE_STRIP = NO;
				DEBUG_INFORMATION_FORMAT = dwarf;
				ENABLE_STRICT_OBJC_MSGSEND = YES;
				ENABLE_TESTABILITY = YES;
				ENABLE_USER_SCRIPT_SANDBOXING = YES;
				GCC_C_LANGUAGE_STANDARD = gnu17;
				GCC_DYNAMIC_NO_PIC = NO;
				GCC_NO_COMMON_BLOCKS = YES;
				GCC_OPTIMIZATION_LEVEL = 0;
				GCC_PREPROCESSOR_DEFINITIONS = (
					"DEBUG=1",
					"$(inherited)",
				);
				GCC_WARN_64_TO_32_BIT_CONVERSION = YES;
				GCC_WARN_ABOUT_RETURN_TYPE = YES_ERROR;
				GCC_WARN_UNDECLARED_SELECTOR = YES;
				GCC_WARN_UNINITIALIZED_AUTOS = YES_AGGRESSIVE;
				GCC_WARN_UNUSED_FUNCTION = YES;
				GCC_WARN_UNUSED_VARIABLE = YES;
				LOCALIZATION_PREFERS_STRING_CATALOGS = YES;
				MTL_ENABLE_DEBUG_INFO = INCLUDE_SOURCE;
				MTL_FAST_MATH = YES;
				ONLY_ACTIVE_ARCH = YES;
				SWIFT_ACTIVE_COMPILATION_CONDITIONS = "DEBUG $(inherited)";
				SWIFT_OPTIMIZATION_LEVEL = "-Onone";
			};
			name = Debug;
		};
		6C01F67E304E7AAB00976CB5 /* Release */ = {
			isa = XCBuildConfiguration;
			buildSettings = {
				ALWAYS_SEARCH_USER_PATHS = NO;
				ASSETCATALOG_COMPILER_GENERATE_SWIFT_ASSET_SYMBOL_EXTENSIONS = YES;
				CLANG_ANALYZER_NONNULL = YES;
				CLANG_ANALYZER_NUMBER_OBJECT_CONVERSION = YES_AGGRESSIVE;
				CLANG_CXX_LANGUAGE_STANDARD = "gnu++20";
				CLANG_ENABLE_MODULES = YES;
				CLANG_ENABLE_OBJC_ARC = YES;
				CLANG_ENABLE_OBJC_WEAK = YES;
				CLANG_WARN_BLOCK_CAPTURE_AUTORELEASING = YES;
				CLANG_WARN_BOOL_CONVERSION = YES;
				CLANG_WARN_COMMA = YES;
				CLANG_WARN_CONSTANT_CONVERSION = YES;
				CLANG_WARN_DEPRECATED_OBJC_IMPLEMENTATIONS = YES;
				CLANG_WARN_DIRECT_OBJC_ISA_USAGE = YES_ERROR;
				CLANG_WARN_DOCUMENTATION_COMMENTS = YES;
				CLANG_WARN_EMPTY_BODY = YES;
				CLANG_WARN_ENUM_CONVERSION = YES;
				CLANG_WARN_INFINITE_RECURSION = YES;
				CLANG_WARN_INT_CONVERSION = YES;
				CLANG_WARN_NON_LITERAL_NULL_CONVERSION = YES;
				CLANG_WARN_OBJC_IMPLICIT_RETAIN_SELF = YES;
				CLANG_WARN_OBJC_LITERAL_CONVERSION = YES;
				CLANG_WARN_OBJC_ROOT_CLASS = YES_ERROR;
				CLANG_WARN_QUOTED_INCLUDE_IN_FRAMEWORK_HEADER = YES;
				CLANG_WARN_RANGE_LOOP_ANALYSIS = YES;
				CLANG_WARN_STRICT_PROTOTYPES = YES;
				CLANG_WARN_SUSPICIOUS_MOVE = YES;
				CLANG_WARN_UNGUARDED_AVAILABILITY = YES_AGGRESSIVE;
				CLANG_WARN_UNREACHABLE_CODE = YES;
				CLANG_WARN__DUPLICATE_METHOD_MATCH = YES;
				COPY_PHASE_STRIP = NO;
				DEBUG_INFORMATION_FORMAT = "dwarf-with-dsym";
				ENABLE_NS_ASSERTIONS = NO;
				ENABLE_STRICT_OBJC_MSGSEND = YES;
				ENABLE_USER_SCRIPT_SANDBOXING = YES;
				GCC_C_LANGUAGE_STANDARD = gnu17;
				GCC_NO_COMMON_BLOCKS = YES;
				GCC_WARN_64_TO_32_BIT_CONVERSION = YES;
				GCC_WARN_ABOUT_RETURN_TYPE = YES_ERROR;
				GCC_WARN_UNDECLARED_SELECTOR = YES;
				GCC_WARN_UNINITIALIZED_AUTOS = YES_AGGRESSIVE;
				GCC_WARN_UNUSED_FUNCTION = YES;
				GCC_WARN_UNUSED_VARIABLE = YES;
				LOCALIZATION_PREFERS_STRING_CATALOGS = YES;
				MTL_ENABLE_DEBUG_INFO = NO;
				MTL_FAST_MATH = YES;
				SWIFT_COMPILATION_MODE = wholemodule;
			};
			name = Release;
		};
		6C01F680304E7AAB00976CB5 /* Debug */ = {
			isa = XCBuildConfiguration;
			buildSettings = {
				ASSETCATALOG_COMPILER_APPICON_NAME = AppIcon;
				ASSETCATALOG_COMPILER_GLOBAL_ACCENT_COLOR_NAME = AccentColor;
				CODE_SIGN_ENTITLEMENTS = IronLog/IronLog.entitlements;
				CODE_SIGN_STYLE = Automatic;
				CURRENT_PROJECT_VERSION = 1;
				ENABLE_APP_SANDBOX = YES;
				ENABLE_PREVIEWS = YES;
				ENABLE_USER_SELECTED_FILES = readonly;
				GENERATE_INFOPLIST_FILE = YES;
				INFOPLIST_KEY_NSHealthShareUsageDescription = "IronLog reads your steps, activity, and optional heart and sleep data to show your daily health summary.";
				"INFOPLIST_KEY_UIApplicationSceneManifest_Generation[sdk=iphoneos*]" = YES;
				"INFOPLIST_KEY_UIApplicationSceneManifest_Generation[sdk=iphonesimulator*]" = YES;
				"INFOPLIST_KEY_UIApplicationSupportsIndirectInputEvents[sdk=iphoneos*]" = YES;
				"INFOPLIST_KEY_UIApplicationSupportsIndirectInputEvents[sdk=iphonesimulator*]" = YES;
				"INFOPLIST_KEY_UILaunchScreen_Generation[sdk=iphoneos*]" = YES;
				"INFOPLIST_KEY_UILaunchScreen_Generation[sdk=iphonesimulator*]" = YES;
				"INFOPLIST_KEY_UIStatusBarStyle[sdk=iphoneos*]" = UIStatusBarStyleDefault;
				"INFOPLIST_KEY_UIStatusBarStyle[sdk=iphonesimulator*]" = UIStatusBarStyleDefault;
				INFOPLIST_KEY_UISupportedInterfaceOrientations_iPad = "UIInterfaceOrientationPortrait UIInterfaceOrientationPortraitUpsideDown UIInterfaceOrientationLandscapeLeft UIInterfaceOrientationLandscapeRight";
				INFOPLIST_KEY_UISupportedInterfaceOrientations_iPhone = "UIInterfaceOrientationPortrait UIInterfaceOrientationLandscapeLeft UIInterfaceOrientationLandscapeRight";
				IPHONEOS_DEPLOYMENT_TARGET = 26.5;
				LD_RUNPATH_SEARCH_PATHS = "@executable_path/Frameworks";
				"LD_RUNPATH_SEARCH_PATHS[sdk=macosx*]" = "@executable_path/../Frameworks";
				MACOSX_DEPLOYMENT_TARGET = 26.5;
				MARKETING_VERSION = 1.0;
				PRODUCT_BUNDLE_IDENTIFIER = IronLog.IronLog;
				PRODUCT_NAME = "$(TARGET_NAME)";
				REGISTER_APP_GROUPS = YES;
				SDKROOT = auto;
				STRING_CATALOG_GENERATE_SYMBOLS = YES;
				SUPPORTED_PLATFORMS = "iphoneos iphonesimulator";
				SWIFT_APPROACHABLE_CONCURRENCY = YES;
				SWIFT_DEFAULT_ACTOR_ISOLATION = MainActor;
				SWIFT_EMIT_LOC_STRINGS = YES;
				SWIFT_UPCOMING_FEATURE_MEMBER_IMPORT_VISIBILITY = YES;
				SWIFT_VERSION = 5.0;
				TARGETED_DEVICE_FAMILY = "1,2";
				XROS_DEPLOYMENT_TARGET = 26.5;
			};
			name = Debug;
		};
		6C01F681304E7AAB00976CB5 /* Release */ = {
			isa = XCBuildConfiguration;
			buildSettings = {
				ASSETCATALOG_COMPILER_APPICON_NAME = AppIcon;
				ASSETCATALOG_COMPILER_GLOBAL_ACCENT_COLOR_NAME = AccentColor;
				CODE_SIGN_ENTITLEMENTS = IronLog/IronLog.entitlements;
				CODE_SIGN_STYLE = Automatic;
				CURRENT_PROJECT_VERSION = 1;
				ENABLE_APP_SANDBOX = YES;
				ENABLE_PREVIEWS = YES;
				ENABLE_USER_SELECTED_FILES = readonly;
				GENERATE_INFOPLIST_FILE = YES;
				INFOPLIST_KEY_NSHealthShareUsageDescription = "IronLog reads your steps, activity, and optional heart and sleep data to show your daily health summary.";
				"INFOPLIST_KEY_UIApplicationSceneManifest_Generation[sdk=iphoneos*]" = YES;
				"INFOPLIST_KEY_UIApplicationSceneManifest_Generation[sdk=iphonesimulator*]" = YES;
				"INFOPLIST_KEY_UIApplicationSupportsIndirectInputEvents[sdk=iphoneos*]" = YES;
				"INFOPLIST_KEY_UIApplicationSupportsIndirectInputEvents[sdk=iphonesimulator*]" = YES;
				"INFOPLIST_KEY_UILaunchScreen_Generation[sdk=iphoneos*]" = YES;
				"INFOPLIST_KEY_UILaunchScreen_Generation[sdk=iphonesimulator*]" = YES;
				"INFOPLIST_KEY_UIStatusBarStyle[sdk=iphoneos*]" = UIStatusBarStyleDefault;
				"INFOPLIST_KEY_UIStatusBarStyle[sdk=iphonesimulator*]" = UIStatusBarStyleDefault;
				INFOPLIST_KEY_UISupportedInterfaceOrientations_iPad = "UIInterfaceOrientationPortrait UIInterfaceOrientationPortraitUpsideDown UIInterfaceOrientationLandscapeLeft UIInterfaceOrientationLandscapeRight";
				INFOPLIST_KEY_UISupportedInterfaceOrientations_iPhone = "UIInterfaceOrientationPortrait UIInterfaceOrientationLandscapeLeft UIInterfaceOrientationLandscapeRight";
				IPHONEOS_DEPLOYMENT_TARGET = 26.5;
				LD_RUNPATH_SEARCH_PATHS = "@executable_path/Frameworks";
				"LD_RUNPATH_SEARCH_PATHS[sdk=macosx*]" = "@executable_path/../Frameworks";
				MACOSX_DEPLOYMENT_TARGET = 26.5;
				MARKETING_VERSION = 1.0;
				PRODUCT_BUNDLE_IDENTIFIER = IronLog.IronLog;
				PRODUCT_NAME = "$(TARGET_NAME)";
				REGISTER_APP_GROUPS = YES;
				SDKROOT = auto;
				STRING_CATALOG_GENERATE_SYMBOLS = YES;
				SUPPORTED_PLATFORMS = "iphoneos iphonesimulator";
				SWIFT_APPROACHABLE_CONCURRENCY = YES;
				SWIFT_DEFAULT_ACTOR_ISOLATION = MainActor;
				SWIFT_EMIT_LOC_STRINGS = YES;
				SWIFT_UPCOMING_FEATURE_MEMBER_IMPORT_VISIBILITY = YES;
				SWIFT_VERSION = 5.0;
				TARGETED_DEVICE_FAMILY = "1,2";
				XROS_DEPLOYMENT_TARGET = 26.5;
			};
			name = Release;
		};
/* End XCBuildConfiguration section */

/* Begin XCConfigurationList section */
		6C01F66F304E7AAB00976CB5 /* Build configuration list for PBXProject "IronLog" */ = {
			isa = XCConfigurationList;
			buildConfigurations = (
				6C01F67D304E7AAB00976CB5 /* Debug */,
				6C01F67E304E7AAB00976CB5 /* Release */,
			);
			defaultConfigurationIsVisible = 0;
			defaultConfigurationName = Release;
		};
		6C01F67F304E7AAB00976CB5 /* Build configuration list for PBXNativeTarget "IronLog" */ = {
			isa = XCConfigurationList;
			buildConfigurations = (
				6C01F680304E7AAB00976CB5 /* Debug */,
				6C01F681304E7AAB00976CB5 /* Release */,
			);
			defaultConfigurationIsVisible = 0;
			defaultConfigurationName = Release;
		};
/* End XCConfigurationList section */
	};
	rootObject = 6C01F66C304E7AAB00976CB5 /* Project object */;
}
